// !$*UTF8*$!
{
	archiveVersion = 1;
	classes = {
	};
	objectVersion = 55;
	objects = {

/* Begin PBXBuildFile section */
		4B870C8CF724795D1547B76C /* Pods_Project_ClonePassOrder.framework in Frameworks */ = {isa = PBXBuildFile; fileRef = 007EB4BE1D657C1590A20F12 /* Pods_Project_ClonePassOrder.framework */; };
		FE210D54282BC2CC009A4EB8 /* AppDelegate.swift in Sources */ = {isa = PBXBuildFile; fileRef = FE210D53282BC2CC009A4EB8 /* AppDelegate.swift */; };
		FE210D56282BC2CC009A4EB8 /* SceneDelegate.swift in Sources */ = {isa = PBXBuildFile; fileRef = FE210D55282BC2CC009A4EB8 /* SceneDelegate.swift */; };
		FE210D5D282BC2CD009A4EB8 /* Assets.xcassets in Resources */ = {isa = PBXBuildFile; fileRef = FE210D5C282BC2CD009A4EB8 /* Assets.xcassets */; };
		FE210D60282BC2CD009A4EB8 /* LaunchScreen.storyboard in Resources */ = {isa = PBXBuildFile; fileRef = FE210D5E282BC2CD009A4EB8 /* LaunchScreen.storyboard */; };
		FE4BEF002832058800530B08 /* LoginViewController.swift in Sources */ = {isa = PBXBuildFile; fileRef = FE4BEEFF2832058800530B08 /* LoginViewController.swift */; };
		FE4BEF0228321F9700530B08 /* LoginAndSignUpExtension.swift in Sources */ = {isa = PBXBuildFile; fileRef = FE4BEF0128321F9700530B08 /* LoginAndSignUpExtension.swift */; };
		FE5840B328322EC100287753 /* EmailLoginViewController.swift in Sources */ = {isa = PBXBuildFile; fileRef = FE5840B228322EC100287753 /* EmailLoginViewController.swift */; };
		FE5840B5283276D700287753 /* SignUpViewController.swift in Sources */ = {isa = PBXBuildFile; fileRef = FE5840B4283276D700287753 /* SignUpViewController.swift */; };
		FE5840C328334BC300287753 /* AgreementViewController.swift in Sources */ = {isa = PBXBuildFile; fileRef = FE5840C228334BC300287753 /* AgreementViewController.swift */; };
		FED158BD282DF86700605A25 /* HomeViewController.swift in Sources */ = {isa = PBXBuildFile; fileRef = FED158BC282DF86700605A25 /* HomeViewController.swift */; };
		FED158C0282DF8FC00605A25 /* OrderHistoryViewController.swift in Sources */ = {isa = PBXBuildFile; fileRef = FED158BF282DF8FC00605A25 /* OrderHistoryViewController.swift */; };
		FED158C3282DF92100605A25 /* FavoriteViewController.swift in Sources */ = {isa = PBXBuildFile; fileRef = FED158C2282DF92100605A25 /* FavoriteViewController.swift */; };
		FED158C7282DF95F00605A25 /* qrCameraViewController.swift in Sources */ = {isa = PBXBuildFile; fileRef = FED158C6282DF95F00605A25 /* qrCameraViewController.swift */; };
		FED158CA282DF97400605A25 /* MyPasserViewController.swift in Sources */ = {isa = PBXBuildFile; fileRef = FED158C9282DF97400605A25 /* MyPasserViewController.swift */; };
		FED158CD282DFB2900605A25 /* Extenstion.swift in Sources */ = {isa = PBXBuildFile; fileRef = FED158CC282DFB2900605A25 /* Extenstion.swift */; };
		FEDFF5222833852900E65E45 /* TabBarController.swift in Sources */ = {isa = PBXBuildFile; fileRef = FEDFF5212833852900E65E45 /* TabBarController.swift */; };
/* End PBXBuildFile section */

/* Begin PBXFileReference section */
		007EB4BE1D657C1590A20F12 /* Pods_Project_ClonePassOrder.framework */ = {isa = PBXFileReference; explicitFileType = wrapper.framework; includeInIndex = 0; path = Pods_Project_ClonePassOrder.framework; sourceTree = BUILT_PRODUCTS_DIR; };
		624AC09E484F17F2CD08E630 /* Pods-Project-ClonePassOrder.release.xcconfig */ = {isa = PBXFileReference; includeInIndex = 1; lastKnownFileType = text.xcconfig; name = "Pods-Project-ClonePassOrder.release.xcconfig"; path = "Target Support Files/Pods-Project-ClonePassOrder/Pods-Project-ClonePassOrder.release.xcconfig"; sourceTree = "<group>"; };
		7680081A2B264A925D9F6DE1 /* Pods-Project-ClonePassOrder.debug.xcconfig */ = {isa = PBXFileReference; includeInIndex = 1; lastKnownFileType = text.xcconfig; name = "Pods-Project-ClonePassOrder.debug.xcconfig"; path = "Target Support Files/Pods-Project-ClonePassOrder/Pods-Project-ClonePassOrder.debug.xcconfig"; sourceTree = "<group>"; };
		FE210D50282BC2CC009A4EB8 /* Project-ClonePassOrder.app */ = {isa = PBXFileReference; explicitFileType = wrapper.application; includeInIndex = 0; path = "Project-ClonePassOrder.app"; sourceTree = BUILT_PRODUCTS_DIR; };
		FE210D53282BC2CC009A4EB8 /* AppDelegate.swift */ = {isa = PBXFileReference; lastKnownFileType = sourcecode.swift; path = AppDelegate.swift; sourceTree = "<group>"; };
		FE210D55282BC2CC009A4EB8 /* SceneDelegate.swift */ = {isa = PBXFileReference; lastKnownFileType = sourcecode.swift; path = SceneDelegate.swift; sourceTree = "<group>"; };
		FE210D5C282BC2CD009A4EB8 /* Assets.xcassets */ = {isa = PBXFileReference; lastKnownFileType = folder.assetcatalog; path = Assets.xcassets; sourceTree = "<group>"; };
		FE210D5F282BC2CD009A4EB8 /* Base */ = {isa = PBXFileReference; lastKnownFileType = file.storyboard; name = Base; path = Base.lproj/LaunchScreen.storyboard; sourceTree = "<group>"; };
		FE210D61282BC2CD009A4EB8 /* Info.plist */ = {isa = PBXFileReference; lastKnownFileType = text.plist.xml; path = Info.plist; sourceTree = "<group>"; };
		FE4BEEFF2832058800530B08 /* LoginViewController.swift */ = {isa = PBXFileReference; lastKnownFileType = sourcecode.swift; path = LoginViewController.swift; sourceTree = "<group>"; };
		FE4BEF0128321F9700530B08 /* LoginAndSignUpExtension.swift */ = {isa = PBXFileReference; lastKnownFileType = sourcecode.swift; path = LoginAndSignUpExtension.swift; sourceTree = "<group>"; };
		FE5840B228322EC100287753 /* EmailLoginViewController.swift */ = {isa = PBXFileReference; lastKnownFileType = sourcecode.swift; path = EmailLoginViewController.swift; sourceTree = "<group>"; };
		FE5840B4283276D700287753 /* SignUpViewController.swift */ = {isa = PBXFileReference; lastKnownFileType = sourcecode.swift; path = SignUpViewController.swift; sourceTree = "<group>"; };
		FE5840C228334BC300287753 /* AgreementViewController.swift */ = {isa = PBXFileReference; lastKnownFileType = sourcecode.swift; path = AgreementViewController.swift; sourceTree = "<group>"; };
		FED158BC282DF86700605A25 /* HomeViewController.swift */ = {isa = PBXFileReference; lastKnownFileType = sourcecode.swift; path = HomeViewController.swift; sourceTree = "<group>"; };
		FED158BF282DF8FC00605A25 /* OrderHistoryViewController.swift */ = {isa = PBXFileReference; lastKnownFileType = sourcecode.swift; path = OrderHistoryViewController.swift; sourceTree = "<group>"; };
		FED158C2282DF92100605A25 /* FavoriteViewController.swift */ = {isa = PBXFileReference; lastKnownFileType = sourcecode.swift; path = FavoriteViewController.swift; sourceTree = "<group>"; };
		FED158C6282DF95F00605A25 /* qrCameraViewController.swift */ = {isa = PBXFileReference; lastKnownFileType = sourcecode.swift; path = qrCameraViewController.swift; sourceTree = "<group>"; };
		FED158C9282DF97400605A25 /* MyPasserViewController.swift */ = {isa = PBXFileReference; lastKnownFileType = sourcecode.swift; path = MyPasserViewController.swift; sourceTree = "<group>"; };
		FED158CC282DFB2900605A25 /* Extenstion.swift */ = {isa = PBXFileReference; lastKnownFileType = sourcecode.swift; path = Extenstion.swift; sourceTree = "<group>"; };
		FEDFF5212833852900E65E45 /* TabBarController.swift */ = {isa = PBXFileReference; lastKnownFileType = sourcecode.swift; path = TabBarController.swift; sourceTree = "<group>"; };
/* End PBXFileReference section */

/* Begin PBXFrameworksBuildPhase section */
		FE210D4D282BC2CC009A4EB8 /* Frameworks */ = {
			isa = PBXFrameworksBuildPhase;
			buildActionMask = 2147483647;
			files = (
				4B870C8CF724795D1547B76C /* Pods_Project_ClonePassOrder.framework in Frameworks */,
			);
			runOnlyForDeploymentPostprocessing = 0;
		};
/* End PBXFrameworksBuildPhase section */

/* Begin PBXGroup section */
		C9D5BDBACCE62F352D461422 /* Frameworks */ = {
			isa = PBXGroup;
			children = (
				007EB4BE1D657C1590A20F12 /* Pods_Project_ClonePassOrder.framework */,
			);
			name = Frameworks;
			sourceTree = "<group>";
		};
		FB652F163C16C446048DE554 /* Pods */ = {
			isa = PBXGroup;
			children = (
				7680081A2B264A925D9F6DE1 /* Pods-Project-ClonePassOrder.debug.xcconfig */,
				624AC09E484F17F2CD08E630 /* Pods-Project-ClonePassOrder.release.xcconfig */,
			);
			path = Pods;
			sourceTree = "<group>";
		};
		FE210D47282BC2CC009A4EB8 = {
			isa = PBXGroup;
			children = (
				FE210D52282BC2CC009A4EB8 /* Project-ClonePassOrder */,
				FE210D51282BC2CC009A4EB8 /* Products */,
				FB652F163C16C446048DE554 /* Pods */,
				C9D5BDBACCE62F352D461422 /* Frameworks */,
			);
			sourceTree = "<group>";
		};
		FE210D51282BC2CC009A4EB8 /* Products */ = {
			isa = PBXGroup;
			children = (
				FE210D50282BC2CC009A4EB8 /* Project-ClonePassOrder.app */,
			);
			name = Products;
			sourceTree = "<group>";
		};
		FE210D52282BC2CC009A4EB8 /* Project-ClonePassOrder */ = {
			isa = PBXGroup;
			children = (
				FEDFF5202833850F00E65E45 /* TabBar */,
				FE4BEEFE2832055100530B08 /* LoginAndSignUp */,
				FED158C8282DF96400605A25 /* MyPasser */,
				FED158C5282DF93900605A25 /* qrCamera */,
				FED158C1282DF90A00605A25 /* Favorite */,
				FED158BE282DF8D300605A25 /* OrderHistory */,
				FED158BB282DF84900605A25 /* Home */,
				FED158CB282DFAF700605A25 /* Utils */,
				FE210D53282BC2CC009A4EB8 /* AppDelegate.swift */,
				FE210D55282BC2CC009A4EB8 /* SceneDelegate.swift */,
				FE210D5C282BC2CD009A4EB8 /* Assets.xcassets */,
				FE210D5E282BC2CD009A4EB8 /* LaunchScreen.storyboard */,
				FE210D61282BC2CD009A4EB8 /* Info.plist */,
			);
			path = "Project-ClonePassOrder";
			sourceTree = "<group>";
		};
		FE4BEEFE2832055100530B08 /* LoginAndSignUp */ = {
			isa = PBXGroup;
			children = (
				FE4BEEFF2832058800530B08 /* LoginViewController.swift */,
				FE5840B228322EC100287753 /* EmailLoginViewController.swift */,
				FE5840B4283276D700287753 /* SignUpViewController.swift */,
				FE5840C228334BC300287753 /* AgreementViewController.swift */,
			);
			path = LoginAndSignUp;
			sourceTree = "<group>";
		};
		FED158BB282DF84900605A25 /* Home */ = {
			isa = PBXGroup;
			children = (
				FED158BC282DF86700605A25 /* HomeViewController.swift */,
			);
			path = Home;
			sourceTree = "<group>";
		};
		FED158BE282DF8D300605A25 /* OrderHistory */ = {
			isa = PBXGroup;
			children = (
				FED158BF282DF8FC00605A25 /* OrderHistoryViewController.swift */,
			);
			path = OrderHistory;
			sourceTree = "<group>";
		};
		FED158C1282DF90A00605A25 /* Favorite */ = {
			isa = PBXGroup;
			children = (
				FED158C2282DF92100605A25 /* FavoriteViewController.swift */,
			);
			path = Favorite;
			sourceTree = "<group>";
		};
		FED158C5282DF93900605A25 /* qrCamera */ = {
			isa = PBXGroup;
			children = (
				FED158C6282DF95F00605A25 /* qrCameraViewController.swift */,
			);
			path = qrCamera;
			sourceTree = "<group>";
		};
		FED158C8282DF96400605A25 /* MyPasser */ = {
			isa = PBXGroup;
			children = (
				FED158C9282DF97400605A25 /* MyPasserViewController.swift */,
			);
			path = MyPasser;
			sourceTree = "<group>";
		};
		FED158CB282DFAF700605A25 /* Utils */ = {
			isa = PBXGroup;
			children = (
				FED158CC282DFB2900605A25 /* Extenstion.swift */,
				FE4BEF0128321F9700530B08 /* LoginAndSignUpExtension.swift */,
			);
			path = Utils;
			sourceTree = "<group>";
		};
		FEDFF5202833850F00E65E45 /* TabBar */ = {
			isa = PBXGroup;
			children = (
				FEDFF5212833852900E65E45 /* TabBarController.swift */,
			);
			path = TabBar;
			sourceTree = "<group>";
		};
/* End PBXGroup section */

/* Begin PBXNativeTarget section */
		FE210D4F282BC2CC009A4EB8 /* Project-ClonePassOrder */ = {
			isa = PBXNativeTarget;
			buildConfigurationList = FE210D64282BC2CD009A4EB8 /* Build configuration list for PBXNativeTarget "Project-ClonePassOrder" */;
			buildPhases = (
				B1EB098C6DDE2F7534D46B80 /* [CP] Check Pods Manifest.lock */,
				FE210D4C282BC2CC009A4EB8 /* Sources */,
				FE210D4D282BC2CC009A4EB8 /* Frameworks */,
				FE210D4E282BC2CC009A4EB8 /* Resources */,
				44FBD92AE682B19A1B2F9A4D /* [CP] Embed Pods Frameworks */,
			);
			buildRules = (
			);
			dependencies = (
			);
			name = "Project-ClonePassOrder";
			productName = "Project-ClonePassOrder";
			productReference = FE210D50282BC2CC009A4EB8 /* Project-ClonePassOrder.app */;
			productType = "com.apple.product-type.application";
		};
/* End PBXNativeTarget section */

/* Begin PBXProject section */
		FE210D48282BC2CC009A4EB8 /* Project object */ = {
			isa = PBXProject;
			attributes = {
				BuildIndependentTargetsInParallel = 1;
				LastSwiftUpdateCheck = 1320;
				LastUpgradeCheck = 1320;
				TargetAttributes = {
					FE210D4F282BC2CC009A4EB8 = {
						CreatedOnToolsVersion = 13.2.1;
					};
				};
			};
			buildConfigurationList = FE210D4B282BC2CC009A4EB8 /* Build configuration list for PBXProject "Project-ClonePassOrder" */;
			compatibilityVersion = "Xcode 13.0";
			developmentRegion = en;
			hasScannedForEncodings = 0;
			knownRegions = (
				en,
				Base,
			);
			mainGroup = FE210D47282BC2CC009A4EB8;
			productRefGroup = FE210D51282BC2CC009A4EB8 /* Products */;
			projectDirPath = "";
			projectRoot = "";
			targets = (
				FE210D4F282BC2CC009A4EB8 /* Project-ClonePassOrder */,
			);
		};
/* End PBXProject section */

/* Begin PBXResourcesBuildPhase section */
		FE210D4E282BC2CC009A4EB8 /* Resources */ = {
			isa = PBXResourcesBuildPhase;
			buildActionMask = 2147483647;
			files = (
				FE210D60282BC2CD009A4EB8 /* LaunchScreen.storyboard in Resources */,
				FE210D5D282BC2CD009A4EB8 /* Assets.xcassets in Resources */,
			);
			runOnlyForDeploymentPostprocessing = 0;
		};
/* End PBXResourcesBuildPhase section */

/* Begin PBXShellScriptBuildPhase section */
		44FBD92AE682B19A1B2F9A4D /* [CP] Embed Pods Frameworks */ = {
			isa = PBXShellScriptBuildPhase;
			buildActionMask = 2147483647;
			files = (
			);
			inputFileListPaths = (
				"${PODS_ROOT}/Target Support Files/Pods-Project-ClonePassOrder/Pods-Project-ClonePassOrder-frameworks-${CONFIGURATION}-input-files.xcfilelist",
			);
			name = "[CP] Embed Pods Frameworks";
			outputFileListPaths = (
				"${PODS_ROOT}/Target Support Files/Pods-Project-ClonePassOrder/Pods-Project-ClonePassOrder-frameworks-${CONFIGURATION}-output-files.xcfilelist",
			);
			runOnlyForDeploymentPostprocessing = 0;
			shellPath = /bin/sh;
			shellScript = "\"${PODS_ROOT}/Target Support Files/Pods-Project-ClonePassOrder/Pods-Project-ClonePassOrder-frameworks.sh\"\n";
			showEnvVarsInLog = 0;
		};
		B1EB098C6DDE2F7534D46B80 /* [CP] Check Pods Manifest.lock */ = {
			isa = PBXShellScriptBuildPhase;
			buildActionMask = 2147483647;
			files = (
			);
			inputFileListPaths = (
			);
			inputPaths = (
				"${PODS_PODFILE_DIR_PATH}/Podfile.lock",
				"${PODS_ROOT}/Manifest.lock",
			);
			name = "[CP] Check Pods Manifest.lock";
			outputFileListPaths = (
			);
			outputPaths = (
				"$(DERIVED_FILE_DIR)/Pods-Project-ClonePassOrder-checkManifestLockResult.txt",
			);
			runOnlyForDeploymentPostprocessing = 0;
			shellPath = /bin/sh;
			shellScript = "diff \"${PODS_PODFILE_DIR_PATH}/Podfile.lock\" \"${PODS_ROOT}/Manifest.lock\" > /dev/null\nif [ $? != 0 ] ; then\n    # print error to STDERR\n    echo \"error: The sandbox is not in sync with the Podfile.lock. Run 'pod install' or update your CocoaPods installation.\" >&2\n    exit 1\nfi\n# This output is used by Xcode 'outputs' to avoid re-running this script phase.\necho \"SUCCESS\" > \"${SCRIPT_OUTPUT_FILE_0}\"\n";
			showEnvVarsInLog = 0;
		};
/* End PBXShellScriptBuildPhase section */

/* Begin PBXSourcesBuildPhase section */
		FE210D4C282BC2CC009A4EB8 /* Sources */ = {
			isa = PBXSourcesBuildPhase;
			buildActionMask = 2147483647;
			files = (
				FE5840B5283276D700287753 /* SignUpViewController.swift in Sources */,
				FED158C0282DF8FC00605A25 /* OrderHistoryViewController.swift in Sources */,
				FED158BD282DF86700605A25 /* HomeViewController.swift in Sources */,
				FED158C7282DF95F00605A25 /* qrCameraViewController.swift in Sources */,
				FE5840C328334BC300287753 /* AgreementViewController.swift in Sources */,
				FED158CA282DF97400605A25 /* MyPasserViewController.swift in Sources */,
				FED158C3282DF92100605A25 /* FavoriteViewController.swift in Sources */,
				FED158CD282DFB2900605A25 /* Extenstion.swift in Sources */,
				FE210D54282BC2CC009A4EB8 /* AppDelegate.swift in Sources */,
				FE5840B328322EC100287753 /* EmailLoginViewController.swift in Sources */,
				FE4BEF0228321F9700530B08 /* LoginAndSignUpExtension.swift in Sources */,
				FEDFF5222833852900E65E45 /* TabBarController.swift in Sources */,
				FE210D56282BC2CC009A4EB8 /* SceneDelegate.swift in Sources */,
				FE4BEF002832058800530B08 /* LoginViewController.swift in Sources */,
			);
			runOnlyForDeploymentPostprocessing = 0;
		};
/* End PBXSourcesBuildPhase section */

/* Begin PBXVariantGroup section */
		FE210D5E282BC2CD009A4EB8 /* LaunchScreen.storyboard */ = {
			isa = PBXVariantGroup;
			children = (
				FE210D5F282BC2CD009A4EB8 /* Base */,
			);
			name = LaunchScreen.storyboard;
			sourceTree = "<group>";
		};
/* End PBXVariantGroup section */

/* Begin XCBuildConfiguration section */
		FE210D62282BC2CD009A4EB8 /* Debug */ = {
			isa = XCBuildConfiguration;
			buildSettings = {
				ALWAYS_SEARCH_USER_PATHS = NO;
				CLANG_ANALYZER_NONNULL = YES;
				CLANG_ANALYZER_NUMBER_OBJECT_CONVERSION = YES_AGGRESSIVE;
				CLANG_CXX_LANGUAGE_STANDARD = "gnu++17";
				CLANG_CXX_LIBRARY = "libc++";
				CLANG_ENABLE_MODULES = YES;
				CLANG_ENABLE_OBJC_ARC = YES;
				CLANG_ENABLE_OBJC_WEAK = YES;
				CLANG_WARN_BLOCK_CAPTURE_AUTORELEASING = YES;
				CLANG_WARN_BOOL_CONVERSION = YES;
				CLANG_WARN_COMMA = YES;
				CLANG_WARN_CONSTANT_CONVERSION = YES;
				CLANG_WARN_DEPRECATED_OBJC_IMPLEMENTATIONS = YES;
				CLANG_WARN_DIRECT_OBJC_ISA_USAGE = YES_ERROR;
				CLANG_WARN_DOCUMENTATION_COMMENTS = YES;
				CLANG_WARN_EMPTY_BODY = YES;
				CLANG_WARN_ENUM_CONVERSION = YES;
				CLANG_WARN_INFINITE_RECURSION = YES;
				CLANG_WARN_INT_CONVERSION = YES;
				CLANG_WARN_NON_LITERAL_NULL_CONVERSION = YES;
				CLANG_WARN_OBJC_IMPLICIT_RETAIN_SELF = YES;
				CLANG_WARN_OBJC_LITERAL_CONVERSION = YES;
				CLANG_WARN_OBJC_ROOT_CLASS = YES_ERROR;
				CLANG_WARN_QUOTED_INCLUDE_IN_FRAMEWORK_HEADER = YES;
				CLANG_WARN_RANGE_LOOP_ANALYSIS = YES;
				CLANG_WARN_STRICT_PROTOTYPES = YES;
				CLANG_WARN_SUSPICIOUS_MOVE = YES;
				CLANG_WARN_UNGUARDED_AVAILABILITY = YES_AGGRESSIVE;
				CLANG_WARN_UNREACHABLE_CODE = YES;
				CLANG_WARN__DUPLICATE_METHOD_MATCH = YES;
				COPY_PHASE_STRIP = NO;
				DEBUG_INFORMATION_FORMAT = dwarf;
				ENABLE_STRICT_OBJC_MSGSEND = YES;
				ENABLE_TESTABILITY = YES;
				GCC_C_LANGUAGE_STANDARD = gnu11;
				GCC_DYNAMIC_NO_PIC = NO;
				GCC_NO_COMMON_BLOCKS = YES;
				GCC_OPTIMIZATION_LEVEL = 0;
				GCC_PREPROCESSOR_DEFINITIONS = (
					"DEBUG=1",
					"$(inherited)",
				);
				GCC_WARN_64_TO_32_BIT_CONVERSION = YES;
				GCC_WARN_ABOUT_RETURN_TYPE = YES_ERROR;
				GCC_WARN_UNDECLARED_SELECTOR = YES;
				GCC_WARN_UNINITIALIZED_AUTOS = YES_AGGRESSIVE;
				GCC_WARN_UNUSED_FUNCTION = YES;
				GCC_WARN_UNUSED_VARIABLE = YES;
				IPHONEOS_DEPLOYMENT_TARGET = 13.0;
				MTL_ENABLE_DEBUG_INFO = INCLUDE_SOURCE;
				MTL_FAST_MATH = YES;
				ONLY_ACTIVE_ARCH = YES;
				SDKROOT = iphoneos;
				SWIFT_ACTIVE_COMPILATION_CONDITIONS = DEBUG;
				SWIFT_OPTIMIZATION_LEVEL = "-Onone";
			};
			name = Debug;
		};
		FE210D63282BC2CD009A4EB8 /* Release */ = {
			isa = XCBuildConfiguration;
			buildSettings = {
				ALWAYS_SEARCH_USER_PATHS = NO;
				CLANG_ANALYZER_NONNULL = YES;
				CLANG_ANALYZER_NUMBER_OBJECT_CONVERSION = YES_AGGRESSIVE;
				CLANG_CXX_LANGUAGE_STANDARD = "gnu++17";
				CLANG_CXX_LIBRARY = "libc++";
				CLANG_ENABLE_MODULES = YES;
				CLANG_ENABLE_OBJC_ARC = YES;
				CLANG_ENABLE_OBJC_WEAK = YES;
				CLANG_WARN_BLOCK_CAPTURE_AUTORELEASING = YES;
				CLANG_WARN_BOOL_CONVERSION = YES;
				CLANG_WARN_COMMA = YES;
				CLANG_WARN_CONSTANT_CONVERSION = YES;
				CLANG_WARN_DEPRECATED_OBJC_IMPLEMENTATIONS = YES;
				CLANG_WARN_DIRECT_OBJC_ISA_USAGE = YES_ERROR;
				CLANG_WARN_DOCUMENTATION_COMMENTS = YES;
				CLANG_WARN_EMPTY_BODY = YES;
				CLANG_WARN_ENUM_CONVERSION = YES;
				CLANG_WARN_INFINITE_RECURSION = YES;
				CLANG_WARN_INT_CONVERSION = YES;
				CLANG_WARN_NON_LITERAL_NULL_CONVERSION = YES;
				CLANG_WARN_OBJC_IMPLICIT_RETAIN_SELF = YES;
				CLANG_WARN_OBJC_LITERAL_CONVERSION = YES;
				CLANG_WARN_OBJC_ROOT_CLASS = YES_ERROR;
				CLANG_WARN_QUOTED_INCLUDE_IN_FRAMEWORK_HEADER = YES;
				CLANG_WARN_RANGE_LOOP_ANALYSIS = YES;
				CLANG_WARN_STRICT_PROTOTYPES = YES;
				CLANG_WARN_SUSPICIOUS_MOVE = YES;
				CLANG_WARN_UNGUARDED_AVAILABILITY = YES_AGGRESSIVE;
				CLANG_WARN_UNREACHABLE_CODE = YES;
				CLANG_WARN__DUPLICATE_METHOD_MATCH = YES;
				COPY_PHASE_STRIP = NO;
				DEBUG_INFORMATION_FORMAT = "dwarf-with-dsym";
				ENABLE_NS_ASSERTIONS = NO;
				ENABLE_STRICT_OBJC_MSGSEND = YES;
				GCC_C_LANGUAGE_STANDARD = gnu11;
				GCC_NO_COMMON_BLOCKS = YES;
				GCC_WARN_64_TO_32_BIT_CONVERSION = YES;
				GCC_WARN_ABOUT_RETURN_TYPE = YES_ERROR;
				GCC_WARN_UNDECLARED_SELECTOR = YES;
				GCC_WARN_UNINITIALIZED_AUTOS = YES_AGGRESSIVE;
				GCC_WARN_UNUSED_FUNCTION = YES;
				GCC_WARN_UNUSED_VARIABLE = YES;
				IPHONEOS_DEPLOYMENT_TARGET = 13.0;
				MTL_ENABLE_DEBUG_INFO = NO;
				MTL_FAST_MATH = YES;
				SDKROOT = iphoneos;
				SWIFT_COMPILATION_MODE = wholemodule;
				SWIFT_OPTIMIZATION_LEVEL = "-O";
				VALIDATE_PRODUCT = YES;
			};
			name = Release;
		};
		FE210D65282BC2CD009A4EB8 /* Debug */ = {
			isa = XCBuildConfiguration;
			baseConfigurationReference = 7680081A2B264A925D9F6DE1 /* Pods-Project-ClonePassOrder.debug.xcconfig */;
			buildSettings = {
				ASSETCATALOG_COMPILER_APPICON_NAME = AppIcon;
				ASSETCATALOG_COMPILER_GLOBAL_ACCENT_COLOR_NAME = AccentColor;
				CODE_SIGN_STYLE = Automatic;
				CURRENT_PROJECT_VERSION = 1;
				DEVELOPMENT_TEAM = L3L2WN7T88;
				GENERATE_INFOPLIST_FILE = YES;
				INFOPLIST_FILE = "Project-ClonePassOrder/Info.plist";
				INFOPLIST_KEY_UIApplicationSupportsIndirectInputEvents = YES;
				INFOPLIST_KEY_UILaunchStoryboardName = LaunchScreen;
				INFOPLIST_KEY_UIMainStoryboardFile = LaunchScreen;
				INFOPLIST_KEY_UISupportedInterfaceOrientations_iPad = "UIInterfaceOrientationPortrait UIInterfaceOrientationPortraitUpsideDown UIInterfaceOrientationLandscapeLeft UIInterfaceOrientationLandscapeRight";
				INFOPLIST_KEY_UISupportedInterfaceOrientations_iPhone = "UIInterfaceOrientationPortrait UIInterfaceOrientationLandscapeLeft UIInterfaceOrientationLandscapeRight";
				IPHONEOS_DEPLOYMENT_TARGET = 13.0;
				LD_RUNPATH_SEARCH_PATHS = (
					"$(inherited)",
					"@executable_path/Frameworks",
				);
				MARKETING_VERSION = 1.0;
				PRODUCT_BUNDLE_IDENTIFIER = "com.DeokHo98.Project-ClonePassOrder";
				PRODUCT_NAME = "$(TARGET_NAME)";
				SWIFT_EMIT_LOC_STRINGS = YES;
				SWIFT_VERSION = 5.0;
				TARGETED_DEVICE_FAMILY = "1,2";
			};
			name = Debug;
		};
		FE210D66282BC2CD009A4EB8 /* Release */ = {
			isa = XCBuildConfiguration;
			baseConfigurationReference = 624AC09E484F17F2CD08E630 /* Pods-Project-ClonePassOrder.release.xcconfig */;
			buildSettings = {
				ASSETCATALOG_COMPILER_APPICON_NAME = AppIcon;
				ASSETCATALOG_COMPILER_GLOBAL_ACCENT_COLOR_NAME = AccentColor;
				CODE_SIGN_STYLE = Automatic;
				CURRENT_PROJECT_VERSION = 1;
				DEVELOPMENT_TEAM = L3L2WN7T88;
				GENERATE_INFOPLIST_FILE = YES;
				INFOPLIST_FILE = "Project-ClonePassOrder/Info.plist";
				INFOPLIST_KEY_UIApplicationSupportsIndirectInputEvents = YES;
				INFOPLIST_KEY_UILaunchStoryboardName = LaunchScreen;
				INFOPLIST_KEY_UIMainStoryboardFile = LaunchScreen;
				INFOPLIST_KEY_UISupportedInterfaceOrientations_iPad = "UIInterfaceOrientationPortrait UIInterfaceOrientationPortraitUpsideDown UIInterfaceOrientationLandscapeLeft UIInterfaceOrientationLandscapeRight";
				INFOPLIST_KEY_UISupportedInterfaceOrientations_iPhone = "UIInterfaceOrientationPortrait UIInterfaceOrientationLandscapeLeft UIInterfaceOrientationLandscapeRight";
				IPHONEOS_DEPLOYMENT_TARGET = 13.0;
				LD_RUNPATH_SEARCH_PATHS = (
					"$(inherited)",
					"@executable_path/Frameworks",
				);
				MARKETING_VERSION = 1.0;
				PRODUCT_BUNDLE_IDENTIFIER = "com.DeokHo98.Project-ClonePassOrder";
				PRODUCT_NAME = "$(TARGET_NAME)";
				SWIFT_EMIT_LOC_STRINGS = YES;
				SWIFT_VERSION = 5.0;
				TARGETED_DEVICE_FAMILY = "1,2";
			};
			name = Release;
		};
/* End XCBuildConfiguration section */

/* Begin XCConfigurationList section */
		FE210D4B282BC2CC009A4EB8 /* Build configuration list for PBXProject "Project-ClonePassOrder" */ = {
			isa = XCConfigurationList;
			buildConfigurations = (
				FE210D62282BC2CD009A4EB8 /* Debug */,
				FE210D63282BC2CD009A4EB8 /* Release */,
			);
			defaultConfigurationIsVisible = 0;
			defaultConfigurationName = Release;
		};
		FE210D64282BC2CD009A4EB8 /* Build configuration list for PBXNativeTarget "Project-ClonePassOrder" */ = {
			isa = XCConfigurationList;
			buildConfigurations = (
				FE210D65282BC2CD009A4EB8 /* Debug */,
				FE210D66282BC2CD009A4EB8 /* Release */,
			);
			defaultConfigurationIsVisible = 0;
			defaultConfigurationName = Release;
		};
/* End XCConfigurationList section */
	};
	rootObject = FE210D48282BC2CC009A4EB8 /* Project object */;
}
